
Microsoft Visual Studio Solution File, Format Version 12.00
# Visual Studio 15
VisualStudioVersion = 15.0.27703.2042
MinimumVisualStudioVersion = 10.0.40219.1
Project("{9A19103F-16F7-4668-BE54-9A1E7A4F7556}") = "AngularWorkshop", "AngularWorkshop\AngularWorkshop.csproj", "{60834BFC-5C0F-46E0-9544-E5802D6F0DDD}"
EndProject
Project("{FAE04EC0-301F-11D3-BF4B-00C04F79EFBC}") = "Workshop.Services", "Workshop.Services\Workshop.Services.csproj", "{505D687A-43CA-4D91-9B07-E4C1350EFC37}"
EndProject
Global
	GlobalSection(SolutionConfigurationPlatforms) = preSolution
		Debug|Any CPU = Debug|Any CPU
		Release|Any CPU = Release|Any CPU
	EndGlobalSection
	GlobalSection(ProjectConfigurationPlatforms) = postSolution
		{60834BFC-5C0F-46E0-9544-E5802D6F0DDD}.Debug|Any CPU.ActiveCfg = Debug|Any CPU
		{60834BFC-5C0F-46E0-9544-E5802D6F0DDD}.Debug|Any CPU.Build.0 = Debug|Any CPU
		{60834BFC-5C0F-46E0-9544-E5802D6F0DDD}.Release|Any CPU.ActiveCfg = Release|Any CPU
		{60834BFC-5C0F-46E0-9544-E5802D6F0DDD}.Release|Any CPU.Build.0 = Release|Any CPU
		{505D687A-43CA-4D91-9B07-E4C1350EFC37}.Debug|Any CPU.ActiveCfg = Debug|Any CPU
		{505D687A-43CA-4D91-9B07-E4C1350EFC37}.Debug|Any CPU.Build.0 = Debug|Any CPU
		{505D687A-43CA-4D91-9B07-E4C1350EFC37}.Release|Any CPU.ActiveCfg = Release|Any CPU
		{505D687A-43CA-4D91-9B07-E4C1350EFC37}.Release|Any CPU.Build.0 = Release|Any CPU
	EndGlobalSection
	GlobalSection(SolutionProperties) = preSolution
		HideSolutionNode = FALSE
	EndGlobalSection
	GlobalSection(ExtensibilityGlobals) = postSolution
		SolutionGuid = {A60270F6-8F2F-483C-8CCE-C868B8A3E033}
	EndGlobalSection
EndGlobal
